
Microsoft Visual Studio Solution File, Format Version 10.00
# Visual Studio 2008
Project("{8BC9CEB8-8B4A-11D0-8D11-00A0C91BC942}") = "framework", "framework\framework.vcproj", "{C984F8C1-DC12-4023-B6D8-7DAF2F3FEFE5}"
EndProject
Project("{8BC9CEB8-8B4A-11D0-8D11-00A0C91BC942}") = "logger", "logger\logger.vcproj", "{A39670FA-57F8-4B1F-B00D-E9024AD2C19C}"
EndProject
Global
	GlobalSection(SolutionConfigurationPlatforms) = preSolution
		Debug|Win32 = Debug|Win32
		Release|Win32 = Release|Win32
	EndGlobalSection
	GlobalSection(ProjectConfigurationPlatforms) = postSolution
		{C984F8C1-DC12-4023-B6D8-7DAF2F3FEFE5}.Debug|Win32.ActiveCfg = Debug|Win32
		{C984F8C1-DC12-4023-B6D8-7DAF2F3FEFE5}.Debug|Win32.Build.0 = Debug|Win32
		{C984F8C1-DC12-4023-B6D8-7DAF2F3FEFE5}.Release|Win32.ActiveCfg = Release|Win32
		{C984F8C1-DC12-4023-B6D8-7DAF2F3FEFE5}.Release|Win32.Build.0 = Release|Win32
		{A39670FA-57F8-4B1F-B00D-E9024AD2C19C}.Debug|Win32.ActiveCfg = Debug|Win32
		{A39670FA-57F8-4B1F-B00D-E9024AD2C19C}.Debug|Win32.Build.0 = Debug|Win32
		{A39670FA-57F8-4B1F-B00D-E9024AD2C19C}.Release|Win32.ActiveCfg = Release|Win32
		{A39670FA-57F8-4B1F-B00D-E9024AD2C19C}.Release|Win32.Build.0 = Release|Win32
	EndGlobalSection
	GlobalSection(SolutionProperties) = preSolution
		HideSolutionNode = FALSE
	EndGlobalSection
EndGlobal
